
Microsoft Visual Studio Solution File, Format Version 12.00
Project("{FAE04EC0-301F-11D3-BF4B-00C04F79EFBC}") = "Models", "Models\Models.csproj", "{B7FC83BD-D2C7-4278-9725-CFD8ADA75EB5}"
EndProject
Project("{FAE04EC0-301F-11D3-BF4B-00C04F79EFBC}") = "App", "App\App.csproj", "{8BF25F02-36BD-4133-AA72-C54478955D09}"
EndProject
Global
	GlobalSection(SolutionConfigurationPlatforms) = preSolution
		Debug|Any CPU = Debug|Any CPU
		Release|Any CPU = Release|Any CPU
	EndGlobalSection
	GlobalSection(ProjectConfigurationPlatforms) = postSolution
		{B7FC83BD-D2C7-4278-9725-CFD8ADA75EB5}.Debug|Any CPU.ActiveCfg = Debug|Any CPU
		{B7FC83BD-D2C7-4278-9725-CFD8ADA75EB5}.Debug|Any CPU.Build.0 = Debug|Any CPU
		{B7FC83BD-D2C7-4278-9725-CFD8ADA75EB5}.Release|Any CPU.ActiveCfg = Release|Any CPU
		{B7FC83BD-D2C7-4278-9725-CFD8ADA75EB5}.Release|Any CPU.Build.0 = Release|Any CPU
		{8BF25F02-36BD-4133-AA72-C54478955D09}.Debug|Any CPU.ActiveCfg = Debug|Any CPU
		{8BF25F02-36BD-4133-AA72-C54478955D09}.Debug|Any CPU.Build.0 = Debug|Any CPU
		{8BF25F02-36BD-4133-AA72-C54478955D09}.Release|Any CPU.ActiveCfg = Release|Any CPU
		{8BF25F02-36BD-4133-AA72-C54478955D09}.Release|Any CPU.Build.0 = Release|Any CPU
	EndGlobalSection
EndGlobal
