
Microsoft Visual Studio Solution File, Format Version 12.00
Project("{FAE04EC0-301F-11D3-BF4B-00C04F79EFBC}") = "archeage_crafting_assistant", "archeage_crafting_assistant\archeage_crafting_assistant.csproj", "{5BB5974A-24EF-4509-985F-8064241062CE}"
EndProject
Global
	GlobalSection(SolutionConfigurationPlatforms) = preSolution
		Debug|Any CPU = Debug|Any CPU
		Release|Any CPU = Release|Any CPU
	EndGlobalSection
	GlobalSection(ProjectConfigurationPlatforms) = postSolution
		{5BB5974A-24EF-4509-985F-8064241062CE}.Debug|Any CPU.ActiveCfg = Debug|Any CPU
		{5BB5974A-24EF-4509-985F-8064241062CE}.Debug|Any CPU.Build.0 = Debug|Any CPU
		{5BB5974A-24EF-4509-985F-8064241062CE}.Release|Any CPU.ActiveCfg = Release|Any CPU
		{5BB5974A-24EF-4509-985F-8064241062CE}.Release|Any CPU.Build.0 = Release|Any CPU
	EndGlobalSection
EndGlobal
